// !$*UTF8*$!
{
	archiveVersion = 1;
	classes = {
	};
	objectVersion = 46;
	objects = {

/* Begin PBXBuildFile section */
		652DC0341E5B219900776F87 /* DoColor.swift in Sources */ = {isa = PBXBuildFile; fileRef = 652DC0331E5B219900776F87 /* DoColor.swift */; };
		6537F1601E5BE1060024B34B /* DoGridView.swift in Sources */ = {isa = PBXBuildFile; fileRef = 6537F15F1E5BE1060024B34B /* DoGridView.swift */; };
		6537F1631E5BE5290024B34B /* RootViewController.swift in Sources */ = {isa = PBXBuildFile; fileRef = 6537F1621E5BE5290024B34B /* RootViewController.swift */; };
		6537F1651E5C0DDD0024B34B /* DoGridViewCell.swift in Sources */ = {isa = PBXBuildFile; fileRef = 6537F1641E5C0DDD0024B34B /* DoGridViewCell.swift */; };
		6537F1671E5C0E0F0024B34B /* GridViewController.swift in Sources */ = {isa = PBXBuildFile; fileRef = 6537F1661E5C0E0F0024B34B /* GridViewController.swift */; };
		6537F1691E5C1C5F0024B34B /* CollectionViewController.swift in Sources */ = {isa = PBXBuildFile; fileRef = 6537F1681E5C1C5F0024B34B /* CollectionViewController.swift */; };
		65408A371E651CDC009AA1E1 /* DoLoopScroller.swift in Sources */ = {isa = PBXBuildFile; fileRef = 65408A361E651CDC009AA1E1 /* DoLoopScroller.swift */; };
		65408A391E654D0E009AA1E1 /* LoopScrollViewController.swift in Sources */ = {isa = PBXBuildFile; fileRef = 65408A381E654D0E009AA1E1 /* LoopScrollViewController.swift */; };
		6581DBA01E5722C60089C6D3 /* AppDelegate.swift in Sources */ = {isa = PBXBuildFile; fileRef = 6581DB9F1E5722C60089C6D3 /* AppDelegate.swift */; };
		6581DBA21E5722C60089C6D3 /* ViewController.swift in Sources */ = {isa = PBXBuildFile; fileRef = 6581DBA11E5722C60089C6D3 /* ViewController.swift */; };
		6581DBA51E5722C60089C6D3 /* Main.storyboard in Resources */ = {isa = PBXBuildFile; fileRef = 6581DBA31E5722C60089C6D3 /* Main.storyboard */; };
		6581DBA71E5722C60089C6D3 /* Assets.xcassets in Resources */ = {isa = PBXBuildFile; fileRef = 6581DBA61E5722C60089C6D3 /* Assets.xcassets */; };
		6581DBAA1E5722C60089C6D3 /* LaunchScreen.storyboard in Resources */ = {isa = PBXBuildFile; fileRef = 6581DBA81E5722C60089C6D3 /* LaunchScreen.storyboard */; };
		6581DBB21E5722E50089C6D3 /* DoTableView.swift in Sources */ = {isa = PBXBuildFile; fileRef = 6581DBB11E5722E50089C6D3 /* DoTableView.swift */; };
		6581DBB41E5722F80089C6D3 /* DoTableViewCell.swift in Sources */ = {isa = PBXBuildFile; fileRef = 6581DBB31E5722F80089C6D3 /* DoTableViewCell.swift */; };
/* End PBXBuildFile section */

/* Begin PBXFileReference section */
		652DC0331E5B219900776F87 /* DoColor.swift */ = {isa = PBXFileReference; fileEncoding = 4; lastKnownFileType = sourcecode.swift; name = DoColor.swift; path = ../DoColor.swift; sourceTree = "<group>"; };
		6537F15F1E5BE1060024B34B /* DoGridView.swift */ = {isa = PBXFileReference; fileEncoding = 4; lastKnownFileType = sourcecode.swift; name = DoGridView.swift; path = ../DoGridView.swift; sourceTree = "<group>"; };
		6537F1621E5BE5290024B34B /* RootViewController.swift */ = {isa = PBXFileReference; fileEncoding = 4; lastKnownFileType = sourcecode.swift; path = RootViewController.swift; sourceTree = "<group>"; };
		6537F1641E5C0DDD0024B34B /* DoGridViewCell.swift */ = {isa = PBXFileReference; fileEncoding = 4; lastKnownFileType = sourcecode.swift; path = DoGridViewCell.swift; sourceTree = "<group>"; };
		6537F1661E5C0E0F0024B34B /* GridViewController.swift */ = {isa = PBXFileReference; fileEncoding = 4; lastKnownFileType = sourcecode.swift; path = GridViewController.swift; sourceTree = "<group>"; };
		6537F1681E5C1C5F0024B34B /* CollectionViewController.swift */ = {isa = PBXFileReference; fileEncoding = 4; lastKnownFileType = sourcecode.swift; path = CollectionViewController.swift; sourceTree = "<group>"; };
		65408A361E651CDC009AA1E1 /* DoLoopScroller.swift */ = {isa = PBXFileReference; fileEncoding = 4; lastKnownFileType = sourcecode.swift; path = DoLoopScroller.swift; sourceTree = "<group>"; };
		65408A381E654D0E009AA1E1 /* LoopScrollViewController.swift */ = {isa = PBXFileReference; fileEncoding = 4; lastKnownFileType = sourcecode.swift; path = LoopScrollViewController.swift; sourceTree = "<group>"; };
		6581DB9C1E5722C60089C6D3 /* Do.app */ = {isa = PBXFileReference; explicitFileType = wrapper.application; includeInIndex = 0; path = Do.app; sourceTree = BUILT_PRODUCTS_DIR; };
		6581DB9F1E5722C60089C6D3 /* AppDelegate.swift */ = {isa = PBXFileReference; lastKnownFileType = sourcecode.swift; path = AppDelegate.swift; sourceTree = "<group>"; };
		6581DBA11E5722C60089C6D3 /* ViewController.swift */ = {isa = PBXFileReference; lastKnownFileType = sourcecode.swift; path = ViewController.swift; sourceTree = "<group>"; };
		6581DBA41E5722C60089C6D3 /* Base */ = {isa = PBXFileReference; lastKnownFileType = file.storyboard; name = Base; path = Base.lproj/Main.storyboard; sourceTree = "<group>"; };
		6581DBA61E5722C60089C6D3 /* Assets.xcassets */ = {isa = PBXFileReference; lastKnownFileType = folder.assetcatalog; path = Assets.xcassets; sourceTree = "<group>"; };
		6581DBA91E5722C60089C6D3 /* Base */ = {isa = PBXFileReference; lastKnownFileType = file.storyboard; name = Base; path = Base.lproj/LaunchScreen.storyboard; sourceTree = "<group>"; };
		6581DBAB1E5722C60089C6D3 /* Info.plist */ = {isa = PBXFileReference; lastKnownFileType = text.plist.xml; path = Info.plist; sourceTree = "<group>"; };
		6581DBB11E5722E50089C6D3 /* DoTableView.swift */ = {isa = PBXFileReference; fileEncoding = 4; lastKnownFileType = sourcecode.swift; name = DoTableView.swift; path = ../DoTableView.swift; sourceTree = "<group>"; };
		6581DBB31E5722F80089C6D3 /* DoTableViewCell.swift */ = {isa = PBXFileReference; fileEncoding = 4; lastKnownFileType = sourcecode.swift; name = DoTableViewCell.swift; path = ../DoTableViewCell.swift; sourceTree = "<group>"; };
/* End PBXFileReference section */

/* Begin PBXFrameworksBuildPhase section */
		6581DB991E5722C60089C6D3 /* Frameworks */ = {
			isa = PBXFrameworksBuildPhase;
			buildActionMask = 2147483647;
			files = (
			);
			runOnlyForDeploymentPostprocessing = 0;
		};
/* End PBXFrameworksBuildPhase section */

/* Begin PBXGroup section */
		6537F1611E5BE2E10024B34B /* DoKit */ = {
			isa = PBXGroup;
			children = (
				652DC0331E5B219900776F87 /* DoColor.swift */,
				6581DBB31E5722F80089C6D3 /* DoTableViewCell.swift */,
				6581DBB11E5722E50089C6D3 /* DoTableView.swift */,
				6537F15F1E5BE1060024B34B /* DoGridView.swift */,
				6537F1641E5C0DDD0024B34B /* DoGridViewCell.swift */,
				65408A361E651CDC009AA1E1 /* DoLoopScroller.swift */,
			);
			path = DoKit;
			sourceTree = "<group>";
		};
		6581DB931E5722C60089C6D3 = {
			isa = PBXGroup;
			children = (
				6581DB9E1E5722C60089C6D3 /* Do */,
				6581DB9D1E5722C60089C6D3 /* Products */,
			);
			sourceTree = "<group>";
		};
		6581DB9D1E5722C60089C6D3 /* Products */ = {
			isa = PBXGroup;
			children = (
				6581DB9C1E5722C60089C6D3 /* Do.app */,
			);
			name = Products;
			sourceTree = "<group>";
		};
		6581DB9E1E5722C60089C6D3 /* Do */ = {
			isa = PBXGroup;
			children = (
				6581DB9F1E5722C60089C6D3 /* AppDelegate.swift */,
				6581DBA11E5722C60089C6D3 /* ViewController.swift */,
				6537F1621E5BE5290024B34B /* RootViewController.swift */,
				6537F1661E5C0E0F0024B34B /* GridViewController.swift */,
				6537F1681E5C1C5F0024B34B /* CollectionViewController.swift */,
				65408A381E654D0E009AA1E1 /* LoopScrollViewController.swift */,
				6537F1611E5BE2E10024B34B /* DoKit */,
				6581DBA31E5722C60089C6D3 /* Main.storyboard */,
				6581DBA61E5722C60089C6D3 /* Assets.xcassets */,
				6581DBA81E5722C60089C6D3 /* LaunchScreen.storyboard */,
				6581DBAB1E5722C60089C6D3 /* Info.plist */,
			);
			path = Do;
			sourceTree = "<group>";
		};
/* End PBXGroup section */

/* Begin PBXNativeTarget section */
		6581DB9B1E5722C60089C6D3 /* Do */ = {
			isa = PBXNativeTarget;
			buildConfigurationList = 6581DBAE1E5722C60089C6D3 /* Build configuration list for PBXNativeTarget "Do" */;
			buildPhases = (
				6581DB981E5722C60089C6D3 /* Sources */,
				6581DB991E5722C60089C6D3 /* Frameworks */,
				6581DB9A1E5722C60089C6D3 /* Resources */,
			);
			buildRules = (
			);
			dependencies = (
			);
			name = Do;
			productName = Do;
			productReference = 6581DB9C1E5722C60089C6D3 /* Do.app */;
			productType = "com.apple.product-type.application";
		};
/* End PBXNativeTarget section */

/* Begin PBXProject section */
		6581DB941E5722C60089C6D3 /* Project object */ = {
			isa = PBXProject;
			attributes = {
				LastSwiftUpdateCheck = 0820;
				LastUpgradeCheck = 0820;
				ORGANIZATIONNAME = rookie;
				TargetAttributes = {
					6581DB9B1E5722C60089C6D3 = {
						CreatedOnToolsVersion = 8.2.1;
						DevelopmentTeam = 366K8UG5Q9;
						ProvisioningStyle = Automatic;
					};
				};
			};
			buildConfigurationList = 6581DB971E5722C60089C6D3 /* Build configuration list for PBXProject "Do" */;
			compatibilityVersion = "Xcode 3.2";
			developmentRegion = English;
			hasScannedForEncodings = 0;
			knownRegions = (
				en,
				Base,
			);
			mainGroup = 6581DB931E5722C60089C6D3;
			productRefGroup = 6581DB9D1E5722C60089C6D3 /* Products */;
			projectDirPath = "";
			projectRoot = "";
			targets = (
				6581DB9B1E5722C60089C6D3 /* Do */,
			);
		};
/* End PBXProject section */

/* Begin PBXResourcesBuildPhase section */
		6581DB9A1E5722C60089C6D3 /* Resources */ = {
			isa = PBXResourcesBuildPhase;
			buildActionMask = 2147483647;
			files = (
				6581DBAA1E5722C60089C6D3 /* LaunchScreen.storyboard in Resources */,
				6581DBA71E5722C60089C6D3 /* Assets.xcassets in Resources */,
				6581DBA51E5722C60089C6D3 /* Main.storyboard in Resources */,
			);
			runOnlyForDeploymentPostprocessing = 0;
		};
/* End PBXResourcesBuildPhase section */

/* Begin PBXSourcesBuildPhase section */
		6581DB981E5722C60089C6D3 /* Sources */ = {
			isa = PBXSourcesBuildPhase;
			buildActionMask = 2147483647;
			files = (
				6581DBA21E5722C60089C6D3 /* ViewController.swift in Sources */,
				65408A391E654D0E009AA1E1 /* LoopScrollViewController.swift in Sources */,
				6581DBB21E5722E50089C6D3 /* DoTableView.swift in Sources */,
				6581DBB41E5722F80089C6D3 /* DoTableViewCell.swift in Sources */,
				6537F1651E5C0DDD0024B34B /* DoGridViewCell.swift in Sources */,
				6537F1691E5C1C5F0024B34B /* CollectionViewController.swift in Sources */,
				6537F1631E5BE5290024B34B /* RootViewController.swift in Sources */,
				6537F1601E5BE1060024B34B /* DoGridView.swift in Sources */,
				65408A371E651CDC009AA1E1 /* DoLoopScroller.swift in Sources */,
				6581DBA01E5722C60089C6D3 /* AppDelegate.swift in Sources */,
				652DC0341E5B219900776F87 /* DoColor.swift in Sources */,
				6537F1671E5C0E0F0024B34B /* GridViewController.swift in Sources */,
			);
			runOnlyForDeploymentPostprocessing = 0;
		};
/* End PBXSourcesBuildPhase section */

/* Begin PBXVariantGroup section */
		6581DBA31E5722C60089C6D3 /* Main.storyboard */ = {
			isa = PBXVariantGroup;
			children = (
				6581DBA41E5722C60089C6D3 /* Base */,
			);
			name = Main.storyboard;
			sourceTree = "<group>";
		};
		6581DBA81E5722C60089C6D3 /* LaunchScreen.storyboard */ = {
			isa = PBXVariantGroup;
			children = (
				6581DBA91E5722C60089C6D3 /* Base */,
			);
			name = LaunchScreen.storyboard;
			sourceTree = "<group>";
		};
/* End PBXVariantGroup section */

/* Begin XCBuildConfiguration section */
		6581DBAC1E5722C60089C6D3 /* Debug */ = {
			isa = XCBuildConfiguration;
			buildSettings = {
				ALWAYS_SEARCH_USER_PATHS = NO;
				CLANG_ANALYZER_NONNULL = YES;
				CLANG_CXX_LANGUAGE_STANDARD = "gnu++0x";
				CLANG_CXX_LIBRARY = "libc++";
				CLANG_ENABLE_MODULES = YES;
				CLANG_ENABLE_OBJC_ARC = YES;
				CLANG_WARN_BOOL_CONVERSION = YES;
				CLANG_WARN_CONSTANT_CONVERSION = YES;
				CLANG_WARN_DIRECT_OBJC_ISA_USAGE = YES_ERROR;
				CLANG_WARN_DOCUMENTATION_COMMENTS = YES;
				CLANG_WARN_EMPTY_BODY = YES;
				CLANG_WARN_ENUM_CONVERSION = YES;
				CLANG_WARN_INFINITE_RECURSION = YES;
				CLANG_WARN_INT_CONVERSION = YES;
				CLANG_WARN_OBJC_ROOT_CLASS = YES_ERROR;
				CLANG_WARN_SUSPICIOUS_MOVE = YES;
				CLANG_WARN_UNREACHABLE_CODE = YES;
				CLANG_WARN__DUPLICATE_METHOD_MATCH = YES;
				"CODE_SIGN_IDENTITY[sdk=iphoneos*]" = "iPhone Developer";
				COPY_PHASE_STRIP = NO;
				DEBUG_INFORMATION_FORMAT = dwarf;
				ENABLE_STRICT_OBJC_MSGSEND = YES;
				ENABLE_TESTABILITY = YES;
				GCC_C_LANGUAGE_STANDARD = gnu99;
				GCC_DYNAMIC_NO_PIC = NO;
				GCC_NO_COMMON_BLOCKS = YES;
				GCC_OPTIMIZATION_LEVEL = 0;
				GCC_PREPROCESSOR_DEFINITIONS = (
					"DEBUG=1",
					"$(inherited)",
				);
				GCC_WARN_64_TO_32_BIT_CONVERSION = YES;
				GCC_WARN_ABOUT_RETURN_TYPE = YES_ERROR;
				GCC_WARN_UNDECLARED_SELECTOR = YES;
				GCC_WARN_UNINITIALIZED_AUTOS = YES_AGGRESSIVE;
				GCC_WARN_UNUSED_FUNCTION = YES;
				GCC_WARN_UNUSED_VARIABLE = YES;
				IPHONEOS_DEPLOYMENT_TARGET = 10.2;
				MTL_ENABLE_DEBUG_INFO = YES;
				ONLY_ACTIVE_ARCH = YES;
				SDKROOT = iphoneos;
				SWIFT_ACTIVE_COMPILATION_CONDITIONS = DEBUG;
				SWIFT_OPTIMIZATION_LEVEL = "-Onone";
			};
			name = Debug;
		};
		6581DBAD1E5722C60089C6D3 /* Release */ = {
			isa = XCBuildConfiguration;
			buildSettings = {
				ALWAYS_SEARCH_USER_PATHS = NO;
				CLANG_ANALYZER_NONNULL = YES;
				CLANG_CXX_LANGUAGE_STANDARD = "gnu++0x";
				CLANG_CXX_LIBRARY = "libc++";
				CLANG_ENABLE_MODULES = YES;
				CLANG_ENABLE_OBJC_ARC = YES;
				CLANG_WARN_BOOL_CONVERSION = YES;
				CLANG_WARN_CONSTANT_CONVERSION = YES;
				CLANG_WARN_DIRECT_OBJC_ISA_USAGE = YES_ERROR;
				CLANG_WARN_DOCUMENTATION_COMMENTS = YES;
				CLANG_WARN_EMPTY_BODY = YES;
				CLANG_WARN_ENUM_CONVERSION = YES;
				CLANG_WARN_INFINITE_RECURSION = YES;
				CLANG_WARN_INT_CONVERSION = YES;
				CLANG_WARN_OBJC_ROOT_CLASS = YES_ERROR;
				CLANG_WARN_SUSPICIOUS_MOVE = YES;
				CLANG_WARN_UNREACHABLE_CODE = YES;
				CLANG_WARN__DUPLICATE_METHOD_MATCH = YES;
				"CODE_SIGN_IDENTITY[sdk=iphoneos*]" = "iPhone Developer";
				COPY_PHASE_STRIP = NO;
				DEBUG_INFORMATION_FORMAT = "dwarf-with-dsym";
				ENABLE_NS_ASSERTIONS = NO;
				ENABLE_STRICT_OBJC_MSGSEND = YES;
				GCC_C_LANGUAGE_STANDARD = gnu99;
				GCC_NO_COMMON_BLOCKS = YES;
				GCC_WARN_64_TO_32_BIT_CONVERSION = YES;
				GCC_WARN_ABOUT_RETURN_TYPE = YES_ERROR;
				GCC_WARN_UNDECLARED_SELECTOR = YES;
				GCC_WARN_UNINITIALIZED_AUTOS = YES_AGGRESSIVE;
				GCC_WARN_UNUSED_FUNCTION = YES;
				GCC_WARN_UNUSED_VARIABLE = YES;
				IPHONEOS_DEPLOYMENT_TARGET = 10.2;
				MTL_ENABLE_DEBUG_INFO = NO;
				SDKROOT = iphoneos;
				SWIFT_OPTIMIZATION_LEVEL = "-Owholemodule";
				VALIDATE_PRODUCT = YES;
			};
			name = Release;
		};
		6581DBAF1E5722C60089C6D3 /* Debug */ = {
			isa = XCBuildConfiguration;
			buildSettings = {
				ASSETCATALOG_COMPILER_APPICON_NAME = AppIcon;
				DEVELOPMENT_TEAM = 366K8UG5Q9;
				INFOPLIST_FILE = Do/Info.plist;
				IPHONEOS_DEPLOYMENT_TARGET = 9.0;
				LD_RUNPATH_SEARCH_PATHS = "$(inherited) @executable_path/Frameworks";
				PRODUCT_BUNDLE_IDENTIFIER = smart.Do;
				PRODUCT_NAME = "$(TARGET_NAME)";
				SWIFT_VERSION = 3.0;
			};
			name = Debug;
		};
		6581DBB01E5722C60089C6D3 /* Release */ = {
			isa = XCBuildConfiguration;
			buildSettings = {
				ASSETCATALOG_COMPILER_APPICON_NAME = AppIcon;
				DEVELOPMENT_TEAM = 366K8UG5Q9;
				INFOPLIST_FILE = Do/Info.plist;
				IPHONEOS_DEPLOYMENT_TARGET = 9.0;
				LD_RUNPATH_SEARCH_PATHS = "$(inherited) @executable_path/Frameworks";
				PRODUCT_BUNDLE_IDENTIFIER = smart.Do;
				PRODUCT_NAME = "$(TARGET_NAME)";
				SWIFT_VERSION = 3.0;
			};
			name = Release;
		};
/* End XCBuildConfiguration section */

/* Begin XCConfigurationList section */
		6581DB971E5722C60089C6D3 /* Build configuration list for PBXProject "Do" */ = {
			isa = XCConfigurationList;
			buildConfigurations = (
				6581DBAC1E5722C60089C6D3 /* Debug */,
				6581DBAD1E5722C60089C6D3 /* Release */,
			);
			defaultConfigurationIsVisible = 0;
			defaultConfigurationName = Release;
		};
		6581DBAE1E5722C60089C6D3 /* Build configuration list for PBXNativeTarget "Do" */ = {
			isa = XCConfigurationList;
			buildConfigurations = (
				6581DBAF1E5722C60089C6D3 /* Debug */,
				6581DBB01E5722C60089C6D3 /* Release */,
			);
			defaultConfigurationIsVisible = 0;
			defaultConfigurationName = Release;
		};
/* End XCConfigurationList section */
	};
	rootObject = 6581DB941E5722C60089C6D3 /* Project object */;
}
